# @generated by Move, please check-in and do not edit manually.

[move]
version = 2
manifest_digest = "4AB9D3837DC06C51B20DEEA357C7F9437C69BC3CF8FAE2F854A5516BB7736513"
deps_digest = "F8BBB0CCB2491CA29A3DF03D6F92277A4F3574266507ACD77214D37ECA3F3082"
dependencies = [
  { name = "Sui" },
]

[[move.package]]
name = "MoveStdlib"
source = { git = "https://github.com/MystenLabs/sui.git", rev = "framework/testnet", subdir = "crates/sui-framework/packages/move-stdlib" }

[[move.package]]
name = "Sui"
source = { git = "https://github.com/MystenLabs/sui.git", rev = "framework/testnet", subdir = "crates/sui-framework/packages/sui-framework" }

dependencies = [
  { name = "MoveStdlib" },
]

[move.toolchain-version]
compiler-version = "1.26.0"
edition = "legacy"
flavor = "sui"

[env]

[env.Soumalya]
chain-id = "bd665407"
original-published-id = "0xa9162ca798e2ab2f98d28b1281ad872f832708f2bb03d74b6aeb72cc57444661"
latest-published-id = "0xa9162ca798e2ab2f98d28b1281ad872f832708f2bb03d74b6aeb72cc57444661"
published-version = "1"

[env.Testnet]
chain-id = "4c78adac"
original-published-id = "0x4704f9ba336dfa0f2c56f56d1dedd72b2f103ff1fd93e45e9f13d4eb78323b22"
latest-published-id = "0x4704f9ba336dfa0f2c56f56d1dedd72b2f103ff1fd93e45e9f13d4eb78323b22"
published-version = "1"
