# @generated by Move, please check-in and do not edit manually.

[move]
version = 2
manifest_digest = "F82EE27BCEF907D54B9AC9FECDCC5E4EBEC18F62017A3F29433255DE550B4D84"
deps_digest = "F8BBB0CCB2491CA29A3DF03D6F92277A4F3574266507ACD77214D37ECA3F3082"
dependencies = [
  { name = "Sui" },
]

[[move.package]]
name = "MoveStdlib"
source = { git = "https://github.com/MystenLabs/sui.git", rev = "framework/testnet", subdir = "crates/sui-framework/packages/move-stdlib" }

[[move.package]]
name = "Sui"
source = { git = "https://github.com/MystenLabs/sui.git", rev = "framework/testnet", subdir = "crates/sui-framework/packages/sui-framework" }

dependencies = [
  { name = "MoveStdlib" },
]

[move.toolchain-version]
compiler-version = "1.25.0"
edition = "legacy"
flavor = "sui"

[env]

[env.Soumalya]
chain-id = "f4950f51"
original-published-id = "0x6c8c0bb5fbee9f0d91510d54f2e8b07e1a278da19ecddf65b17e3da48d0f8c97"
latest-published-id = "0x6c8c0bb5fbee9f0d91510d54f2e8b07e1a278da19ecddf65b17e3da48d0f8c97"
published-version = "1"

[env.Testnet]
chain-id = "4c78adac"
original-published-id = "0x4704f9ba336dfa0f2c56f56d1dedd72b2f103ff1fd93e45e9f13d4eb78323b22"
latest-published-id = "0x4704f9ba336dfa0f2c56f56d1dedd72b2f103ff1fd93e45e9f13d4eb78323b22"
published-version = "1"

[env.testnet]
chain-id = "4c78adac"
original-published-id = "0x67c612c34c02138189109bcef5c13cfda73b8bdf4b95c2342acff1bc8b6f8f49"
latest-published-id = "0x67c612c34c02138189109bcef5c13cfda73b8bdf4b95c2342acff1bc8b6f8f49"
published-version = "1"
